<Solution>
  <Project Path="src/ApiService/ApiService.csproj" />
  <Project Path="src/AppHost/AppHost.csproj" />
  <Project Path="src/ServiceDefaults/ServiceDefaults.csproj" />
  <Project Path="src/WebClient/WebClient.esproj" Type="C#" />
  <Project Path="tests/UnitTests/UnitTests.csproj" />
</Solution>
